
Microsoft Visual Studio Solution File, Format Version 12.00
# Visual Studio 15
VisualStudioVersion = 15.0.26430.16
MinimumVisualStudioVersion = 10.0.40219.1
Project("{FAE04EC0-301F-11D3-BF4B-00C04F79EFBC}") = "SitArheologic", "SitArheologic\SitArheologic.csproj", "{B10C3187-D38E-4915-94BA-9E43C688A8BC}"
EndProject
Global
	GlobalSection(SolutionConfigurationPlatforms) = preSolution
		Debug|ARM = Debug|ARM
		Debug|x64 = Debug|x64
		Debug|x86 = Debug|x86
		Release|ARM = Release|ARM
		Release|x64 = Release|x64
		Release|x86 = Release|x86
	EndGlobalSection
	GlobalSection(ProjectConfigurationPlatforms) = postSolution
		{B10C3187-D38E-4915-94BA-9E43C688A8BC}.Debug|ARM.ActiveCfg = Debug|ARM
		{B10C3187-D38E-4915-94BA-9E43C688A8BC}.Debug|ARM.Build.0 = Debug|ARM
		{B10C3187-D38E-4915-94BA-9E43C688A8BC}.Debug|ARM.Deploy.0 = Debug|ARM
		{B10C3187-D38E-4915-94BA-9E43C688A8BC}.Debug|x64.ActiveCfg = Debug|x64
		{B10C3187-D38E-4915-94BA-9E43C688A8BC}.Debug|x64.Build.0 = Debug|x64
		{B10C3187-D38E-4915-94BA-9E43C688A8BC}.Debug|x64.Deploy.0 = Debug|x64
		{B10C3187-D38E-4915-94BA-9E43C688A8BC}.Debug|x86.ActiveCfg = Debug|x86
		{B10C3187-D38E-4915-94BA-9E43C688A8BC}.Debug|x86.Build.0 = Debug|x86
		{B10C3187-D38E-4915-94BA-9E43C688A8BC}.Debug|x86.Deploy.0 = Debug|x86
		{B10C3187-D38E-4915-94BA-9E43C688A8BC}.Release|ARM.ActiveCfg = Release|ARM
		{B10C3187-D38E-4915-94BA-9E43C688A8BC}.Release|ARM.Build.0 = Release|ARM
		{B10C3187-D38E-4915-94BA-9E43C688A8BC}.Release|ARM.Deploy.0 = Release|ARM
		{B10C3187-D38E-4915-94BA-9E43C688A8BC}.Release|x64.ActiveCfg = Release|x64
		{B10C3187-D38E-4915-94BA-9E43C688A8BC}.Release|x64.Build.0 = Release|x64
		{B10C3187-D38E-4915-94BA-9E43C688A8BC}.Release|x64.Deploy.0 = Release|x64
		{B10C3187-D38E-4915-94BA-9E43C688A8BC}.Release|x86.ActiveCfg = Release|x86
		{B10C3187-D38E-4915-94BA-9E43C688A8BC}.Release|x86.Build.0 = Release|x86
		{B10C3187-D38E-4915-94BA-9E43C688A8BC}.Release|x86.Deploy.0 = Release|x86
	EndGlobalSection
	GlobalSection(SolutionProperties) = preSolution
		HideSolutionNode = FALSE
	EndGlobalSection
EndGlobal
