
Microsoft Visual Studio Solution File, Format Version 12.00
# Visual Studio 15
VisualStudioVersion = 15.0.26430.16
MinimumVisualStudioVersion = 10.0.40219.1
Project("{FAE04EC0-301F-11D3-BF4B-00C04F79EFBC}") = "Squares", "Squares\Squares.csproj", "{F86C9B32-E859-41D8-B4D4-B10838ABD776}"
EndProject
Global
	GlobalSection(SolutionConfigurationPlatforms) = preSolution
		Debug|ARM = Debug|ARM
		Debug|x64 = Debug|x64
		Debug|x86 = Debug|x86
		Release|ARM = Release|ARM
		Release|x64 = Release|x64
		Release|x86 = Release|x86
	EndGlobalSection
	GlobalSection(ProjectConfigurationPlatforms) = postSolution
		{F86C9B32-E859-41D8-B4D4-B10838ABD776}.Debug|ARM.ActiveCfg = Debug|ARM
		{F86C9B32-E859-41D8-B4D4-B10838ABD776}.Debug|ARM.Build.0 = Debug|ARM
		{F86C9B32-E859-41D8-B4D4-B10838ABD776}.Debug|ARM.Deploy.0 = Debug|ARM
		{F86C9B32-E859-41D8-B4D4-B10838ABD776}.Debug|x64.ActiveCfg = Debug|x64
		{F86C9B32-E859-41D8-B4D4-B10838ABD776}.Debug|x64.Build.0 = Debug|x64
		{F86C9B32-E859-41D8-B4D4-B10838ABD776}.Debug|x64.Deploy.0 = Debug|x64
		{F86C9B32-E859-41D8-B4D4-B10838ABD776}.Debug|x86.ActiveCfg = Debug|x86
		{F86C9B32-E859-41D8-B4D4-B10838ABD776}.Debug|x86.Build.0 = Debug|x86
		{F86C9B32-E859-41D8-B4D4-B10838ABD776}.Debug|x86.Deploy.0 = Debug|x86
		{F86C9B32-E859-41D8-B4D4-B10838ABD776}.Release|ARM.ActiveCfg = Release|ARM
		{F86C9B32-E859-41D8-B4D4-B10838ABD776}.Release|ARM.Build.0 = Release|ARM
		{F86C9B32-E859-41D8-B4D4-B10838ABD776}.Release|ARM.Deploy.0 = Release|ARM
		{F86C9B32-E859-41D8-B4D4-B10838ABD776}.Release|x64.ActiveCfg = Release|x64
		{F86C9B32-E859-41D8-B4D4-B10838ABD776}.Release|x64.Build.0 = Release|x64
		{F86C9B32-E859-41D8-B4D4-B10838ABD776}.Release|x64.Deploy.0 = Release|x64
		{F86C9B32-E859-41D8-B4D4-B10838ABD776}.Release|x86.ActiveCfg = Release|x86
		{F86C9B32-E859-41D8-B4D4-B10838ABD776}.Release|x86.Build.0 = Release|x86
		{F86C9B32-E859-41D8-B4D4-B10838ABD776}.Release|x86.Deploy.0 = Release|x86
	EndGlobalSection
	GlobalSection(SolutionProperties) = preSolution
		HideSolutionNode = FALSE
	EndGlobalSection
EndGlobal
